
Microsoft Visual Studio Solution File, Format Version 12.00
# Visual Studio Version 17
VisualStudioVersion = 17.14.37301.10
MinimumVisualStudioVersion = 10.0.40219.1
Project("{8BC9CEB8-8B4A-11D0-8D11-00A0C91BC942}") = "core", "core\core.vcxproj", "{ACA621AC-E026-41B7-ACC1-3C31285C283E}"
EndProject
Project("{8BC9CEB8-8B4A-11D0-8D11-00A0C91BC942}") = "DirectXMesh", "DirectXMesh\DirectXMesh_Desktop_2022_Win10.vcxproj", "{6857F086-F6FE-4150-9ED7-7446F1C1C220}"
EndProject
Project("{8BC9CEB8-8B4A-11D0-8D11-00A0C91BC942}") = "cli", "cli\cli.vcxproj", "{542DD1D1-174E-4CEB-A811-2D2DF72348BC}"
EndProject
Project("{8BC9CEB8-8B4A-11D0-8D11-00A0C91BC942}") = "DirectXTex", "DirectXTex\DirectXTex_GXDK_PC_2022.vcxproj", "{9E4D1C18-9E5E-4B35-83BE-74830B9B3C34}"
EndProject
Global
	GlobalSection(SolutionConfigurationPlatforms) = preSolution
		Debug|x64 = Debug|x64
		Debug|x86 = Debug|x86
		Release|x64 = Release|x64
		Release|x86 = Release|x86
	EndGlobalSection
	GlobalSection(ProjectConfigurationPlatforms) = postSolution
		{ACA621AC-E026-41B7-ACC1-3C31285C283E}.Debug|x64.ActiveCfg = Debug|x64
		{ACA621AC-E026-41B7-ACC1-3C31285C283E}.Debug|x64.Build.0 = Debug|x64
		{ACA621AC-E026-41B7-ACC1-3C31285C283E}.Debug|x86.ActiveCfg = Debug|Win32
		{ACA621AC-E026-41B7-ACC1-3C31285C283E}.Debug|x86.Build.0 = Debug|Win32
		{ACA621AC-E026-41B7-ACC1-3C31285C283E}.Release|x64.ActiveCfg = Release|x64
		{ACA621AC-E026-41B7-ACC1-3C31285C283E}.Release|x64.Build.0 = Release|x64
		{ACA621AC-E026-41B7-ACC1-3C31285C283E}.Release|x86.ActiveCfg = Release|Win32
		{ACA621AC-E026-41B7-ACC1-3C31285C283E}.Release|x86.Build.0 = Release|Win32
		{6857F086-F6FE-4150-9ED7-7446F1C1C220}.Debug|x64.ActiveCfg = Debug|x64
		{6857F086-F6FE-4150-9ED7-7446F1C1C220}.Debug|x64.Build.0 = Debug|x64
		{6857F086-F6FE-4150-9ED7-7446F1C1C220}.Debug|x86.ActiveCfg = Debug|Win32
		{6857F086-F6FE-4150-9ED7-7446F1C1C220}.Debug|x86.Build.0 = Debug|Win32
		{6857F086-F6FE-4150-9ED7-7446F1C1C220}.Release|x64.ActiveCfg = Release|x64
		{6857F086-F6FE-4150-9ED7-7446F1C1C220}.Release|x64.Build.0 = Release|x64
		{6857F086-F6FE-4150-9ED7-7446F1C1C220}.Release|x86.ActiveCfg = Release|Win32
		{6857F086-F6FE-4150-9ED7-7446F1C1C220}.Release|x86.Build.0 = Release|Win32
		{542DD1D1-174E-4CEB-A811-2D2DF72348BC}.Debug|x64.ActiveCfg = Debug|x64
		{542DD1D1-174E-4CEB-A811-2D2DF72348BC}.Debug|x64.Build.0 = Debug|x64
		{542DD1D1-174E-4CEB-A811-2D2DF72348BC}.Debug|x86.ActiveCfg = Debug|Win32
		{542DD1D1-174E-4CEB-A811-2D2DF72348BC}.Debug|x86.Build.0 = Debug|Win32
		{542DD1D1-174E-4CEB-A811-2D2DF72348BC}.Release|x64.ActiveCfg = Release|x64
		{542DD1D1-174E-4CEB-A811-2D2DF72348BC}.Release|x64.Build.0 = Release|x64
		{542DD1D1-174E-4CEB-A811-2D2DF72348BC}.Release|x86.ActiveCfg = Release|Win32
		{542DD1D1-174E-4CEB-A811-2D2DF72348BC}.Release|x86.Build.0 = Release|Win32
		{9E4D1C18-9E5E-4B35-83BE-74830B9B3C34}.Debug|x64.ActiveCfg = Debug|x64
		{9E4D1C18-9E5E-4B35-83BE-74830B9B3C34}.Debug|x64.Build.0 = Debug|x64
		{9E4D1C18-9E5E-4B35-83BE-74830B9B3C34}.Debug|x86.ActiveCfg = Debug|x64
		{9E4D1C18-9E5E-4B35-83BE-74830B9B3C34}.Debug|x86.Build.0 = Debug|x64
		{9E4D1C18-9E5E-4B35-83BE-74830B9B3C34}.Release|x64.ActiveCfg = Release|x64
		{9E4D1C18-9E5E-4B35-83BE-74830B9B3C34}.Release|x64.Build.0 = Release|x64
		{9E4D1C18-9E5E-4B35-83BE-74830B9B3C34}.Release|x86.ActiveCfg = Release|x64
		{9E4D1C18-9E5E-4B35-83BE-74830B9B3C34}.Release|x86.Build.0 = Release|x64
	EndGlobalSection
	GlobalSection(SolutionProperties) = preSolution
		HideSolutionNode = FALSE
	EndGlobalSection
	GlobalSection(ExtensibilityGlobals) = postSolution
		SolutionGuid = {C57371FD-BD4C-4E3E-BA2D-3897ECF8026B}
	EndGlobalSection
EndGlobal
